
Microsoft Visual Studio Solution File, Format Version 12.00
# Visual Studio Version 16
VisualStudioVersion = 16.0.29905.134
MinimumVisualStudioVersion = 10.0.40219.1
Project("{FAE04EC0-301F-11D3-BF4B-00C04F79EFBC}") = "RecursiveFactorial", "RecursiveFactorial\RecursiveFactorial.csproj", "{43390F0B-92A3-4627-9663-930CB290847B}"
EndProject
Global
	GlobalSection(SolutionConfigurationPlatforms) = preSolution
		Debug|Any CPU = Debug|Any CPU
		Release|Any CPU = Release|Any CPU
	EndGlobalSection
	GlobalSection(ProjectConfigurationPlatforms) = postSolution
		{43390F0B-92A3-4627-9663-930CB290847B}.Debug|Any CPU.ActiveCfg = Debug|Any CPU
		{43390F0B-92A3-4627-9663-930CB290847B}.Debug|Any CPU.Build.0 = Debug|Any CPU
		{43390F0B-92A3-4627-9663-930CB290847B}.Release|Any CPU.ActiveCfg = Release|Any CPU
		{43390F0B-92A3-4627-9663-930CB290847B}.Release|Any CPU.Build.0 = Release|Any CPU
	EndGlobalSection
	GlobalSection(SolutionProperties) = preSolution
		HideSolutionNode = FALSE
	EndGlobalSection
	GlobalSection(ExtensibilityGlobals) = postSolution
		SolutionGuid = {85275C3C-4537-46F1-BC89-4B36844283D6}
	EndGlobalSection
EndGlobal
